<?xml version="1.0" encoding="utf-8"?>
<Project ToolsVersion="4.0" xmlns="http://schemas.microsoft.com/developer/msbuild/2003">
  <ItemGroup>
    <Filter Include="Source Files">
      <UniqueIdentifier>{4FC737F1-C7A5-4376-A066-2A32D752A2FF}</UniqueIdentifier>
      <Extensions>cpp;c;cc;cxx;c++;cppm;ixx;def;odl;idl;hpj;bat;asm;asmx</Extensions>
    </Filter>
    <Filter Include="Header Files">
      <UniqueIdentifier>{93995380-89BD-4b04-88EB-625FBE52EBFB}</UniqueIdentifier>
      <Extensions>h;hh;hpp;hxx;h++;hm;inl;inc;ipp;xsd</Extensions>
    </Filter>
    <Filter Include="Resource Files">
      <UniqueIdentifier>{67DA6AB6-F800-4c08-8B7A-83BB121AAD01}</UniqueIdentifier>
      <Extensions>rc;ico;cur;bmp;dlg;rc2;rct;bin;rgs;gif;jpg;jpeg;jpe;resx;tiff;tif;png;wav;mfcribbon-ms</Extensions>
    </Filter>
    <Filter Include="Header Files\DLL">
      <UniqueIdentifier>{71d0d685-624c-4cd4-8800-59beb453282e}</UniqueIdentifier>
    </Filter>
    <Filter Include="Header Files\SEngine">
      <UniqueIdentifier>{d81e1ec8-ea78-45b8-80dd-6518379e1012}</UniqueIdentifier>
    </Filter>
    <Filter Include="Header Files\SEngine\Resource Classes">
      <UniqueIdentifier>{47be604f-dbc9-4a5c-bed8-554ee5abaef2}</UniqueIdentifier>
    </Filter>
    <Filter Include="Source Files\DLL">
      <UniqueIdentifier>{7b52c6c3-83b3-4216-b0b3-9030919922da}</UniqueIdentifier>
    </Filter>
    <Filter Include="Source Files\SEngine">
      <UniqueIdentifier>{eb11830f-3234-4f53-af55-5096c7d3ff6f}</UniqueIdentifier>
    </Filter>
    <Filter Include="Source Files\SEngine\Resource Classes">
      <UniqueIdentifier>{d57b356d-85f5-459d-bd1c-0fd5ad3667bd}</UniqueIdentifier>
    </Filter>
  </ItemGroup>
  <ItemGroup>
    <ClInclude Include="Resource.h">
      <Filter>Header Files\SEngine\Resource Classes</Filter>
    </ClInclude>
    <ClInclude Include="pch.h">
      <Filter>Header Files\DLL</Filter>
    </ClInclude>
    <ClInclude Include="api.h">
      <Filter>Header Files\DLL</Filter>
    </ClInclude>
    <ClInclude Include="Node.h">
      <Filter>Header Files\SEngine</Filter>
    </ClInclude>
    <ClInclude Include="Types.h">
      <Filter>Header Files\SEngine</Filter>
    </ClInclude>
    <ClInclude Include="Resources.h">
      <Filter>Header Files\SEngine\Resource Classes</Filter>
    </ClInclude>
  </ItemGroup>
  <ItemGroup>
    <ClCompile Include="Resource.cpp">
      <Filter>Source Files\SEngine\Resource Classes</Filter>
    </ClCompile>
    <ClCompile Include="pch.cpp">
      <Filter>Source Files\DLL</Filter>
    </ClCompile>
    <ClCompile Include="SEngine.cpp">
      <Filter>Source Files\SEngine</Filter>
    </ClCompile>
    <ClCompile Include="Resources.cpp">
      <Filter>Source Files\SEngine\Resource Classes</Filter>
    </ClCompile>
  </ItemGroup>
</Project>